
Microsoft Visual Studio Solution File, Format Version 12.00
# Visual Studio Version 17
VisualStudioVersion = 17.0.31903.59
MinimumVisualStudioVersion = 10.0.40219.1
Project("{FAE04EC0-301F-11D3-BF4B-00C04F79EFBC}") = "VeterinariaDrFabio.Dominio", "VeterinariaDrFabio.Dominio\VeterinariaDrFabio.Dominio.csproj", "{21B83797-1357-4419-ABB9-1BF560539EB6}"
EndProject
Project("{FAE04EC0-301F-11D3-BF4B-00C04F79EFBC}") = "VeterinariaDrFabio.Datos", "VeterinariaDrFabio.Datos\VeterinariaDrFabio.Datos.csproj", "{9849EC1A-9142-4451-84CF-46ED12217B1F}"
EndProject
Project("{FAE04EC0-301F-11D3-BF4B-00C04F79EFBC}") = "VeterinariaDrFabio.Negocio", "VeterinariaDrFabio.Negocio\VeterinariaDrFabio.Negocio.csproj", "{063BCDB5-EF49-4B6D-B643-57DDDAAD93B5}"
EndProject
Project("{FAE04EC0-301F-11D3-BF4B-00C04F79EFBC}") = "VeterinariaDrFabio.App", "VeterinariaDrFabio.App\VeterinariaDrFabio.App.csproj", "{6C6E2FAD-04FC-41B5-884B-E96D63C0185F}"
EndProject
Project("{FAE04EC0-301F-11D3-BF4B-00C04F79EFBC}") = "VeterinariaDrFabio.Pruebas", "VeterinariaDrFabio.Pruebas\VeterinariaDrFabio.Pruebas.csproj", "{D82F46BA-D82A-4824-A04D-30B016660A45}"
EndProject
Global
	GlobalSection(SolutionConfigurationPlatforms) = preSolution
		Debug|Any CPU = Debug|Any CPU
		Debug|x64 = Debug|x64
		Debug|x86 = Debug|x86
		Release|Any CPU = Release|Any CPU
		Release|x64 = Release|x64
		Release|x86 = Release|x86
	EndGlobalSection
	GlobalSection(ProjectConfigurationPlatforms) = postSolution
		{21B83797-1357-4419-ABB9-1BF560539EB6}.Debug|Any CPU.ActiveCfg = Debug|Any CPU
		{21B83797-1357-4419-ABB9-1BF560539EB6}.Debug|Any CPU.Build.0 = Debug|Any CPU
		{21B83797-1357-4419-ABB9-1BF560539EB6}.Debug|x64.ActiveCfg = Debug|Any CPU
		{21B83797-1357-4419-ABB9-1BF560539EB6}.Debug|x64.Build.0 = Debug|Any CPU
		{21B83797-1357-4419-ABB9-1BF560539EB6}.Debug|x86.ActiveCfg = Debug|Any CPU
		{21B83797-1357-4419-ABB9-1BF560539EB6}.Debug|x86.Build.0 = Debug|Any CPU
		{21B83797-1357-4419-ABB9-1BF560539EB6}.Release|Any CPU.ActiveCfg = Release|Any CPU
		{21B83797-1357-4419-ABB9-1BF560539EB6}.Release|Any CPU.Build.0 = Release|Any CPU
		{21B83797-1357-4419-ABB9-1BF560539EB6}.Release|x64.ActiveCfg = Release|Any CPU
		{21B83797-1357-4419-ABB9-1BF560539EB6}.Release|x64.Build.0 = Release|Any CPU
		{21B83797-1357-4419-ABB9-1BF560539EB6}.Release|x86.ActiveCfg = Release|Any CPU
		{21B83797-1357-4419-ABB9-1BF560539EB6}.Release|x86.Build.0 = Release|Any CPU
		{9849EC1A-9142-4451-84CF-46ED12217B1F}.Debug|Any CPU.ActiveCfg = Debug|Any CPU
		{9849EC1A-9142-4451-84CF-46ED12217B1F}.Debug|Any CPU.Build.0 = Debug|Any CPU
		{9849EC1A-9142-4451-84CF-46ED12217B1F}.Debug|x64.ActiveCfg = Debug|Any CPU
		{9849EC1A-9142-4451-84CF-46ED12217B1F}.Debug|x64.Build.0 = Debug|Any CPU
		{9849EC1A-9142-4451-84CF-46ED12217B1F}.Debug|x86.ActiveCfg = Debug|Any CPU
		{9849EC1A-9142-4451-84CF-46ED12217B1F}.Debug|x86.Build.0 = Debug|Any CPU
		{9849EC1A-9142-4451-84CF-46ED12217B1F}.Release|Any CPU.ActiveCfg = Release|Any CPU
		{9849EC1A-9142-4451-84CF-46ED12217B1F}.Release|Any CPU.Build.0 = Release|Any CPU
		{9849EC1A-9142-4451-84CF-46ED12217B1F}.Release|x64.ActiveCfg = Release|Any CPU
		{9849EC1A-9142-4451-84CF-46ED12217B1F}.Release|x64.Build.0 = Release|Any CPU
		{9849EC1A-9142-4451-84CF-46ED12217B1F}.Release|x86.ActiveCfg = Release|Any CPU
		{9849EC1A-9142-4451-84CF-46ED12217B1F}.Release|x86.Build.0 = Release|Any CPU
		{063BCDB5-EF49-4B6D-B643-57DDDAAD93B5}.Debug|Any CPU.ActiveCfg = Debug|Any CPU
		{063BCDB5-EF49-4B6D-B643-57DDDAAD93B5}.Debug|Any CPU.Build.0 = Debug|Any CPU
		{063BCDB5-EF49-4B6D-B643-57DDDAAD93B5}.Debug|x64.ActiveCfg = Debug|Any CPU
		{063BCDB5-EF49-4B6D-B643-57DDDAAD93B5}.Debug|x64.Build.0 = Debug|Any CPU
		{063BCDB5-EF49-4B6D-B643-57DDDAAD93B5}.Debug|x86.ActiveCfg = Debug|Any CPU
		{063BCDB5-EF49-4B6D-B643-57DDDAAD93B5}.Debug|x86.Build.0 = Debug|Any CPU
		{063BCDB5-EF49-4B6D-B643-57DDDAAD93B5}.Release|Any CPU.ActiveCfg = Release|Any CPU
		{063BCDB5-EF49-4B6D-B643-57DDDAAD93B5}.Release|Any CPU.Build.0 = Release|Any CPU
		{063BCDB5-EF49-4B6D-B643-57DDDAAD93B5}.Release|x64.ActiveCfg = Release|Any CPU
		{063BCDB5-EF49-4B6D-B643-57DDDAAD93B5}.Release|x64.Build.0 = Release|Any CPU
		{063BCDB5-EF49-4B6D-B643-57DDDAAD93B5}.Release|x86.ActiveCfg = Release|Any CPU
		{063BCDB5-EF49-4B6D-B643-57DDDAAD93B5}.Release|x86.Build.0 = Release|Any CPU
		{6C6E2FAD-04FC-41B5-884B-E96D63C0185F}.Debug|Any CPU.ActiveCfg = Debug|Any CPU
		{6C6E2FAD-04FC-41B5-884B-E96D63C0185F}.Debug|Any CPU.Build.0 = Debug|Any CPU
		{6C6E2FAD-04FC-41B5-884B-E96D63C0185F}.Debug|x64.ActiveCfg = Debug|Any CPU
		{6C6E2FAD-04FC-41B5-884B-E96D63C0185F}.Debug|x64.Build.0 = Debug|Any CPU
		{6C6E2FAD-04FC-41B5-884B-E96D63C0185F}.Debug|x86.ActiveCfg = Debug|Any CPU
		{6C6E2FAD-04FC-41B5-884B-E96D63C0185F}.Debug|x86.Build.0 = Debug|Any CPU
		{6C6E2FAD-04FC-41B5-884B-E96D63C0185F}.Release|Any CPU.ActiveCfg = Release|Any CPU
		{6C6E2FAD-04FC-41B5-884B-E96D63C0185F}.Release|Any CPU.Build.0 = Release|Any CPU
		{6C6E2FAD-04FC-41B5-884B-E96D63C0185F}.Release|x64.ActiveCfg = Release|Any CPU
		{6C6E2FAD-04FC-41B5-884B-E96D63C0185F}.Release|x64.Build.0 = Release|Any CPU
		{6C6E2FAD-04FC-41B5-884B-E96D63C0185F}.Release|x86.ActiveCfg = Release|Any CPU
		{6C6E2FAD-04FC-41B5-884B-E96D63C0185F}.Release|x86.Build.0 = Release|Any CPU
		{D82F46BA-D82A-4824-A04D-30B016660A45}.Debug|Any CPU.ActiveCfg = Debug|Any CPU
		{D82F46BA-D82A-4824-A04D-30B016660A45}.Debug|Any CPU.Build.0 = Debug|Any CPU
		{D82F46BA-D82A-4824-A04D-30B016660A45}.Debug|x64.ActiveCfg = Debug|Any CPU
		{D82F46BA-D82A-4824-A04D-30B016660A45}.Debug|x64.Build.0 = Debug|Any CPU
		{D82F46BA-D82A-4824-A04D-30B016660A45}.Debug|x86.ActiveCfg = Debug|Any CPU
		{D82F46BA-D82A-4824-A04D-30B016660A45}.Debug|x86.Build.0 = Debug|Any CPU
		{D82F46BA-D82A-4824-A04D-30B016660A45}.Release|Any CPU.ActiveCfg = Release|Any CPU
		{D82F46BA-D82A-4824-A04D-30B016660A45}.Release|Any CPU.Build.0 = Release|Any CPU
		{D82F46BA-D82A-4824-A04D-30B016660A45}.Release|x64.ActiveCfg = Release|Any CPU
		{D82F46BA-D82A-4824-A04D-30B016660A45}.Release|x64.Build.0 = Release|Any CPU
		{D82F46BA-D82A-4824-A04D-30B016660A45}.Release|x86.ActiveCfg = Release|Any CPU
		{D82F46BA-D82A-4824-A04D-30B016660A45}.Release|x86.Build.0 = Release|Any CPU
	EndGlobalSection
	GlobalSection(SolutionProperties) = preSolution
		HideSolutionNode = FALSE
	EndGlobalSection
EndGlobal
